// !$*UTF8*$!
{
	archiveVersion = 1;
	classes = {
	};
	objectVersion = 77;
	objects = {

/* Begin PBXBuildFile section */
		C410C8F12D01F61D0091CD74 /* RealmSwift in Frameworks */ = {isa = PBXBuildFile; productRef = C410C8F02D01F61D0091CD74 /* RealmSwift */; };
		C410C8F22D01F61D0091CD74 /* RealmSwift in Embed Frameworks */ = {isa = PBXBuildFile; productRef = C410C8F02D01F61D0091CD74 /* RealmSwift */; settings = {ATTRIBUTES = (CodeSignOnCopy, ); }; };
/* End PBXBuildFile section */

/* Begin PBXContainerItemProxy section */
		C410C8CA2D01F1F50091CD74 /* PBXContainerItemProxy */ = {
			isa = PBXContainerItemProxy;
			containerPortal = C410C8B12D01F1F30091CD74 /* Project object */;
			proxyType = 1;
			remoteGlobalIDString = C410C8B82D01F1F30091CD74;
			remoteInfo = VKTest;
		};
		C410C8D42D01F1F50091CD74 /* PBXContainerItemProxy */ = {
			isa = PBXContainerItemProxy;
			containerPortal = C410C8B12D01F1F30091CD74 /* Project object */;
			proxyType = 1;
			remoteGlobalIDString = C410C8B82D01F1F30091CD74;
			remoteInfo = VKTest;
		};
/* End PBXContainerItemProxy section */

/* Begin PBXCopyFilesBuildPhase section */
		C410C8F32D01F61D0091CD74 /* Embed Frameworks */ = {
			isa = PBXCopyFilesBuildPhase;
			buildActionMask = 2147483647;
			dstPath = "";
			dstSubfolderSpec = 10;
			files = (
				C410C8F22D01F61D0091CD74 /* RealmSwift in Embed Frameworks */,
			);
			name = "Embed Frameworks";
			runOnlyForDeploymentPostprocessing = 0;
		};
/* End PBXCopyFilesBuildPhase section */

/* Begin PBXFileReference section */
		C410C8B92D01F1F30091CD74 /* VKTest.app */ = {isa = PBXFileReference; explicitFileType = wrapper.application; includeInIndex = 0; path = VKTest.app; sourceTree = BUILT_PRODUCTS_DIR; };
		C410C8C92D01F1F50091CD74 /* VKTestTests.xctest */ = {isa = PBXFileReference; explicitFileType = wrapper.cfbundle; includeInIndex = 0; path = VKTestTests.xctest; sourceTree = BUILT_PRODUCTS_DIR; };
		C410C8D32D01F1F50091CD74 /* VKTestUITests.xctest */ = {isa = PBXFileReference; explicitFileType = wrapper.cfbundle; includeInIndex = 0; path = VKTestUITests.xctest; sourceTree = BUILT_PRODUCTS_DIR; };
/* End PBXFileReference section */

/* Begin PBXFileSystemSynchronizedBuildFileExceptionSet section */
		C4BF496A2D024AB0008B865D /* Exceptions for "VKTest" folder in "VKTest" target */ = {
			isa = PBXFileSystemSynchronizedBuildFileExceptionSet;
			membershipExceptions = (
				VKTestTests/VKTestTests.swift,
			);
			target = C410C8B82D01F1F30091CD74 /* VKTest */;
		};
		C4BF496B2D024AB0008B865D /* Exceptions for "VKTest" folder in "VKTestTests" target */ = {
			isa = PBXFileSystemSynchronizedBuildFileExceptionSet;
			membershipExceptions = (
				VKTestTests/VKTestTests.swift,
			);
			target = C410C8C82D01F1F50091CD74 /* VKTestTests */;
		};
/* End PBXFileSystemSynchronizedBuildFileExceptionSet section */

/* Begin PBXFileSystemSynchronizedRootGroup section */
		C410C8BB2D01F1F30091CD74 /* VKTest */ = {
			isa = PBXFileSystemSynchronizedRootGroup;
			exceptions = (
				C4BF496A2D024AB0008B865D /* Exceptions for "VKTest" folder in "VKTest" target */,
				C4BF496B2D024AB0008B865D /* Exceptions for "VKTest" folder in "VKTestTests" target */,
			);
			path = VKTest;
			sourceTree = "<group>";
		};
		C410C8D62D01F1F50091CD74 /* VKTestUITests */ = {
			isa = PBXFileSystemSynchronizedRootGroup;
			path = VKTestUITests;
			sourceTree = "<group>";
		};
/* End PBXFileSystemSynchronizedRootGroup section */

/* Begin PBXFrameworksBuildPhase section */
		C410C8B62D01F1F30091CD74 /* Frameworks */ = {
			isa = PBXFrameworksBuildPhase;
			buildActionMask = 2147483647;
			files = (
				C410C8F12D01F61D0091CD74 /* RealmSwift in Frameworks */,
			);
			runOnlyForDeploymentPostprocessing = 0;
		};
		C410C8C62D01F1F50091CD74 /* Frameworks */ = {
			isa = PBXFrameworksBuildPhase;
			buildActionMask = 2147483647;
			files = (
			);
			runOnlyForDeploymentPostprocessing = 0;
		};
		C410C8D02D01F1F50091CD74 /* Frameworks */ = {
			isa = PBXFrameworksBuildPhase;
			buildActionMask = 2147483647;
			files = (
			);
			runOnlyForDeploymentPostprocessing = 0;
		};
/* End PBXFrameworksBuildPhase section */

/* Begin PBXGroup section */
		C410C8B02D01F1F30091CD74 = {
			isa = PBXGroup;
			children = (
				C410C8BB2D01F1F30091CD74 /* VKTest */,
				C410C8D62D01F1F50091CD74 /* VKTestUITests */,
				C410C8EF2D01F61D0091CD74 /* Frameworks */,
				C410C8BA2D01F1F30091CD74 /* Products */,
			);
			sourceTree = "<group>";
		};
		C410C8BA2D01F1F30091CD74 /* Products */ = {
			isa = PBXGroup;
			children = (
				C410C8B92D01F1F30091CD74 /* VKTest.app */,
				C410C8C92D01F1F50091CD74 /* VKTestTests.xctest */,
				C410C8D32D01F1F50091CD74 /* VKTestUITests.xctest */,
			);
			name = Products;
			sourceTree = "<group>";
		};
		C410C8EF2D01F61D0091CD74 /* Frameworks */ = {
			isa = PBXGroup;
			children = (
			);
			name = Frameworks;
			sourceTree = "<group>";
		};
/* End PBXGroup section */

/* Begin PBXNativeTarget section */
		C410C8B82D01F1F30091CD74 /* VKTest */ = {
			isa = PBXNativeTarget;
			buildConfigurationList = C410C8DD2D01F1F50091CD74 /* Build configuration list for PBXNativeTarget "VKTest" */;
			buildPhases = (
				C410C8B52D01F1F30091CD74 /* Sources */,
				C410C8B62D01F1F30091CD74 /* Frameworks */,
				C410C8B72D01F1F30091CD74 /* Resources */,
				C410C8F32D01F61D0091CD74 /* Embed Frameworks */,
			);
			buildRules = (
			);
			dependencies = (
			);
			fileSystemSynchronizedGroups = (
				C410C8BB2D01F1F30091CD74 /* VKTest */,
			);
			name = VKTest;
			packageProductDependencies = (
				C410C8F02D01F61D0091CD74 /* RealmSwift */,
			);
			productName = VKTest;
			productReference = C410C8B92D01F1F30091CD74 /* VKTest.app */;
			productType = "com.apple.product-type.application";
		};
		C410C8C82D01F1F50091CD74 /* VKTestTests */ = {
			isa = PBXNativeTarget;
			buildConfigurationList = C410C8E02D01F1F50091CD74 /* Build configuration list for PBXNativeTarget "VKTestTests" */;
			buildPhases = (
				C410C8C52D01F1F50091CD74 /* Sources */,
				C410C8C62D01F1F50091CD74 /* Frameworks */,
				C410C8C72D01F1F50091CD74 /* Resources */,
			);
			buildRules = (
			);
			dependencies = (
				C410C8CB2D01F1F50091CD74 /* PBXTargetDependency */,
			);
			name = VKTestTests;
			packageProductDependencies = (
			);
			productName = VKTestTests;
			productReference = C410C8C92D01F1F50091CD74 /* VKTestTests.xctest */;
			productType = "com.apple.product-type.bundle.unit-test";
		};
		C410C8D22D01F1F50091CD74 /* VKTestUITests */ = {
			isa = PBXNativeTarget;
			buildConfigurationList = C410C8E32D01F1F50091CD74 /* Build configuration list for PBXNativeTarget "VKTestUITests" */;
			buildPhases = (
				C410C8CF2D01F1F50091CD74 /* Sources */,
				C410C8D02D01F1F50091CD74 /* Frameworks */,
				C410C8D12D01F1F50091CD74 /* Resources */,
			);
			buildRules = (
			);
			dependencies = (
				C410C8D52D01F1F50091CD74 /* PBXTargetDependency */,
			);
			fileSystemSynchronizedGroups = (
				C410C8D62D01F1F50091CD74 /* VKTestUITests */,
			);
			name = VKTestUITests;
			packageProductDependencies = (
			);
			productName = VKTestUITests;
			productReference = C410C8D32D01F1F50091CD74 /* VKTestUITests.xctest */;
			productType = "com.apple.product-type.bundle.ui-testing";
		};
/* End PBXNativeTarget section */

/* Begin PBXProject section */
		C410C8B12D01F1F30091CD74 /* Project object */ = {
			isa = PBXProject;
			attributes = {
				BuildIndependentTargetsInParallel = 1;
				LastSwiftUpdateCheck = 1610;
				LastUpgradeCheck = 1610;
				TargetAttributes = {
					C410C8B82D01F1F30091CD74 = {
						CreatedOnToolsVersion = 16.1;
					};
					C410C8C82D01F1F50091CD74 = {
						CreatedOnToolsVersion = 16.1;
						TestTargetID = C410C8B82D01F1F30091CD74;
					};
					C410C8D22D01F1F50091CD74 = {
						CreatedOnToolsVersion = 16.1;
						TestTargetID = C410C8B82D01F1F30091CD74;
					};
				};
			};
			buildConfigurationList = C410C8B42D01F1F30091CD74 /* Build configuration list for PBXProject "VKTest" */;
			developmentRegion = en;
			hasScannedForEncodings = 0;
			knownRegions = (
				en,
				Base,
			);
			mainGroup = C410C8B02D01F1F30091CD74;
			minimizedProjectReferenceProxies = 1;
			packageReferences = (
				C410C8EE2D01F3BC0091CD74 /* XCRemoteSwiftPackageReference "realm-swift" */,
			);
			preferredProjectObjectVersion = 77;
			productRefGroup = C410C8BA2D01F1F30091CD74 /* Products */;
			projectDirPath = "";
			projectRoot = "";
			targets = (
				C410C8B82D01F1F30091CD74 /* VKTest */,
				C410C8C82D01F1F50091CD74 /* VKTestTests */,
				C410C8D22D01F1F50091CD74 /* VKTestUITests */,
			);
		};
/* End PBXProject section */

/* Begin PBXResourcesBuildPhase section */
		C410C8B72D01F1F30091CD74 /* Resources */ = {
			isa = PBXResourcesBuildPhase;
			buildActionMask = 2147483647;
			files = (
			);
			runOnlyForDeploymentPostprocessing = 0;
		};
		C410C8C72D01F1F50091CD74 /* Resources */ = {
			isa = PBXResourcesBuildPhase;
			buildActionMask = 2147483647;
			files = (
			);
			runOnlyForDeploymentPostprocessing = 0;
		};
		C410C8D12D01F1F50091CD74 /* Resources */ = {
			isa = PBXResourcesBuildPhase;
			buildActionMask = 2147483647;
			files = (
			);
			runOnlyForDeploymentPostprocessing = 0;
		};
/* End PBXResourcesBuildPhase section */

/* Begin PBXSourcesBuildPhase section */
		C410C8B52D01F1F30091CD74 /* Sources */ = {
			isa = PBXSourcesBuildPhase;
			buildActionMask = 2147483647;
			files = (
			);
			runOnlyForDeploymentPostprocessing = 0;
		};
		C410C8C52D01F1F50091CD74 /* Sources */ = {
			isa = PBXSourcesBuildPhase;
			buildActionMask = 2147483647;
			files = (
			);
			runOnlyForDeploymentPostprocessing = 0;
		};
		C410C8CF2D01F1F50091CD74 /* Sources */ = {
			isa = PBXSourcesBuildPhase;
			buildActionMask = 2147483647;
			files = (
			);
			runOnlyForDeploymentPostprocessing = 0;
		};
/* End PBXSourcesBuildPhase section */

/* Begin PBXTargetDependency section */
		C410C8CB2D01F1F50091CD74 /* PBXTargetDependency */ = {
			isa = PBXTargetDependency;
			target = C410C8B82D01F1F30091CD74 /* VKTest */;
			targetProxy = C410C8CA2D01F1F50091CD74 /* PBXContainerItemProxy */;
		};
		C410C8D52D01F1F50091CD74 /* PBXTargetDependency */ = {
			isa = PBXTargetDependency;
			target = C410C8B82D01F1F30091CD74 /* VKTest */;
			targetProxy = C410C8D42D01F1F50091CD74 /* PBXContainerItemProxy */;
		};
/* End PBXTargetDependency section */

/* Begin XCBuildConfiguration section */
		C410C8DB2D01F1F50091CD74 /* Debug */ = {
			isa = XCBuildConfiguration;
			buildSettings = {
				ALWAYS_SEARCH_USER_PATHS = NO;
				ASSETCATALOG_COMPILER_GENERATE_SWIFT_ASSET_SYMBOL_EXTENSIONS = YES;
				CLANG_ANALYZER_NONNULL = YES;
				CLANG_ANALYZER_NUMBER_OBJECT_CONVERSION = YES_AGGRESSIVE;
				CLANG_CXX_LANGUAGE_STANDARD = "gnu++20";
				CLANG_ENABLE_MODULES = YES;
				CLANG_ENABLE_OBJC_ARC = YES;
				CLANG_ENABLE_OBJC_WEAK = YES;
				CLANG_WARN_BLOCK_CAPTURE_AUTORELEASING = YES;
				CLANG_WARN_BOOL_CONVERSION = YES;
				CLANG_WARN_COMMA = YES;
				CLANG_WARN_CONSTANT_CONVERSION = YES;
				CLANG_WARN_DEPRECATED_OBJC_IMPLEMENTATIONS = YES;
				CLANG_WARN_DIRECT_OBJC_ISA_USAGE = YES_ERROR;
				CLANG_WARN_DOCUMENTATION_COMMENTS = YES;
				CLANG_WARN_EMPTY_BODY = YES;
				CLANG_WARN_ENUM_CONVERSION = YES;
				CLANG_WARN_INFINITE_RECURSION = YES;
				CLANG_WARN_INT_CONVERSION = YES;
				CLANG_WARN_NON_LITERAL_NULL_CONVERSION = YES;
				CLANG_WARN_OBJC_IMPLICIT_RETAIN_SELF = YES;
				CLANG_WARN_OBJC_LITERAL_CONVERSION = YES;
				CLANG_WARN_OBJC_ROOT_CLASS = YES_ERROR;
				CLANG_WARN_QUOTED_INCLUDE_IN_FRAMEWORK_HEADER = YES;
				CLANG_WARN_RANGE_LOOP_ANALYSIS = YES;
				CLANG_WARN_STRICT_PROTOTYPES = YES;
				CLANG_WARN_SUSPICIOUS_MOVE = YES;
				CLANG_WARN_UNGUARDED_AVAILABILITY = YES_AGGRESSIVE;
				CLANG_WARN_UNREACHABLE_CODE = YES;
				CLANG_WARN__DUPLICATE_METHOD_MATCH = YES;
				COPY_PHASE_STRIP = NO;
				DEBUG_INFORMATION_FORMAT = dwarf;
				ENABLE_STRICT_OBJC_MSGSEND = YES;
				ENABLE_TESTABILITY = YES;
				ENABLE_USER_SCRIPT_SANDBOXING = YES;
				GCC_C_LANGUAGE_STANDARD = gnu17;
				GCC_DYNAMIC_NO_PIC = NO;
				GCC_NO_COMMON_BLOCKS = YES;
				GCC_OPTIMIZATION_LEVEL = 0;
				GCC_PREPROCESSOR_DEFINITIONS = (
					"DEBUG=1",
					"$(inherited)",
				);
				GCC_WARN_64_TO_32_BIT_CONVERSION = YES;
				GCC_WARN_ABOUT_RETURN_TYPE = YES_ERROR;
				GCC_WARN_UNDECLARED_SELECTOR = YES;
				GCC_WARN_UNINITIALIZED_AUTOS = YES_AGGRESSIVE;
				GCC_WARN_UNUSED_FUNCTION = YES;
				GCC_WARN_UNUSED_VARIABLE = YES;
				IPHONEOS_DEPLOYMENT_TARGET = 18.1;
				LOCALIZATION_PREFERS_STRING_CATALOGS = YES;
				MTL_ENABLE_DEBUG_INFO = INCLUDE_SOURCE;
				MTL_FAST_MATH = YES;
				ONLY_ACTIVE_ARCH = YES;
				SDKROOT = iphoneos;
				SWIFT_ACTIVE_COMPILATION_CONDITIONS = "DEBUG $(inherited)";
				SWIFT_OPTIMIZATION_LEVEL = "-Onone";
			};
			name = Debug;
		};
		C410C8DC2D01F1F50091CD74 /* Release */ = {
			isa = XCBuildConfiguration;
			buildSettings = {
				ALWAYS_SEARCH_USER_PATHS = NO;
				ASSETCATALOG_COMPILER_GENERATE_SWIFT_ASSET_SYMBOL_EXTENSIONS = YES;
				CLANG_ANALYZER_NONNULL = YES;
				CLANG_ANALYZER_NUMBER_OBJECT_CONVERSION = YES_AGGRESSIVE;
				CLANG_CXX_LANGUAGE_STANDARD = "gnu++20";
				CLANG_ENABLE_MODULES = YES;
				CLANG_ENABLE_OBJC_ARC = YES;
				CLANG_ENABLE_OBJC_WEAK = YES;
				CLANG_WARN_BLOCK_CAPTURE_AUTORELEASING = YES;
				CLANG_WARN_BOOL_CONVERSION = YES;
				CLANG_WARN_COMMA = YES;
				CLANG_WARN_CONSTANT_CONVERSION = YES;
				CLANG_WARN_DEPRECATED_OBJC_IMPLEMENTATIONS = YES;
				CLANG_WARN_DIRECT_OBJC_ISA_USAGE = YES_ERROR;
				CLANG_WARN_DOCUMENTATION_COMMENTS = YES;
				CLANG_WARN_EMPTY_BODY = YES;
				CLANG_WARN_ENUM_CONVERSION = YES;
				CLANG_WARN_INFINITE_RECURSION = YES;
				CLANG_WARN_INT_CONVERSION = YES;
				CLANG_WARN_NON_LITERAL_NULL_CONVERSION = YES;
				CLANG_WARN_OBJC_IMPLICIT_RETAIN_SELF = YES;
				CLANG_WARN_OBJC_LITERAL_CONVERSION = YES;
				CLANG_WARN_OBJC_ROOT_CLASS = YES_ERROR;
				CLANG_WARN_QUOTED_INCLUDE_IN_FRAMEWORK_HEADER = YES;
				CLANG_WARN_RANGE_LOOP_ANALYSIS = YES;
				CLANG_WARN_STRICT_PROTOTYPES = YES;
				CLANG_WARN_SUSPICIOUS_MOVE = YES;
				CLANG_WARN_UNGUARDED_AVAILABILITY = YES_AGGRESSIVE;
				CLANG_WARN_UNREACHABLE_CODE = YES;
				CLANG_WARN__DUPLICATE_METHOD_MATCH = YES;
				COPY_PHASE_STRIP = NO;
				DEBUG_INFORMATION_FORMAT = "dwarf-with-dsym";
				ENABLE_NS_ASSERTIONS = NO;
				ENABLE_STRICT_OBJC_MSGSEND = YES;
				ENABLE_USER_SCRIPT_SANDBOXING = YES;
				GCC_C_LANGUAGE_STANDARD = gnu17;
				GCC_NO_COMMON_BLOCKS = YES;
				GCC_WARN_64_TO_32_BIT_CONVERSION = YES;
				GCC_WARN_ABOUT_RETURN_TYPE = YES_ERROR;
				GCC_WARN_UNDECLARED_SELECTOR = YES;
				GCC_WARN_UNINITIALIZED_AUTOS = YES_AGGRESSIVE;
				GCC_WARN_UNUSED_FUNCTION = YES;
				GCC_WARN_UNUSED_VARIABLE = YES;
				IPHONEOS_DEPLOYMENT_TARGET = 18.1;
				LOCALIZATION_PREFERS_STRING_CATALOGS = YES;
				MTL_ENABLE_DEBUG_INFO = NO;
				MTL_FAST_MATH = YES;
				SDKROOT = iphoneos;
				SWIFT_COMPILATION_MODE = wholemodule;
				VALIDATE_PRODUCT = YES;
			};
			name = Release;
		};
		C410C8DE2D01F1F50091CD74 /* Debug */ = {
			isa = XCBuildConfiguration;
			buildSettings = {
				ASSETCATALOG_COMPILER_APPICON_NAME = AppIcon;
				ASSETCATALOG_COMPILER_GLOBAL_ACCENT_COLOR_NAME = AccentColor;
				CODE_SIGN_STYLE = Automatic;
				CURRENT_PROJECT_VERSION = 1;
				DEVELOPMENT_ASSET_PATHS = "\"VKTest/Preview Content\"";
				DEVELOPMENT_TEAM = MF5GZ7CN3R;
				ENABLE_PREVIEWS = YES;
				GENERATE_INFOPLIST_FILE = YES;
				INFOPLIST_KEY_UIApplicationSceneManifest_Generation = YES;
				INFOPLIST_KEY_UIApplicationSupportsIndirectInputEvents = YES;
				INFOPLIST_KEY_UILaunchScreen_Generation = YES;
				INFOPLIST_KEY_UISupportedInterfaceOrientations_iPad = "UIInterfaceOrientationPortrait UIInterfaceOrientationPortraitUpsideDown UIInterfaceOrientationLandscapeLeft UIInterfaceOrientationLandscapeRight";
				INFOPLIST_KEY_UISupportedInterfaceOrientations_iPhone = "UIInterfaceOrientationPortrait UIInterfaceOrientationLandscapeLeft UIInterfaceOrientationLandscapeRight";
				IPHONEOS_DEPLOYMENT_TARGET = 15.0;
				LD_RUNPATH_SEARCH_PATHS = (
					"$(inherited)",
					"@executable_path/Frameworks",
				);
				MARKETING_VERSION = 1.0;
				PRODUCT_BUNDLE_IDENTIFIER = "vova-tesla.VKTest";
				PRODUCT_NAME = "$(TARGET_NAME)";
				SWIFT_EMIT_LOC_STRINGS = YES;
				SWIFT_VERSION = 5.0;
				TARGETED_DEVICE_FAMILY = "1,2";
			};
			name = Debug;
		};
		C410C8DF2D01F1F50091CD74 /* Release */ = {
			isa = XCBuildConfiguration;
			buildSettings = {
				ASSETCATALOG_COMPILER_APPICON_NAME = AppIcon;
				ASSETCATALOG_COMPILER_GLOBAL_ACCENT_COLOR_NAME = AccentColor;
				CODE_SIGN_STYLE = Automatic;
				CURRENT_PROJECT_VERSION = 1;
				DEVELOPMENT_ASSET_PATHS = "\"VKTest/Preview Content\"";
				DEVELOPMENT_TEAM = MF5GZ7CN3R;
				ENABLE_PREVIEWS = YES;
				GENERATE_INFOPLIST_FILE = YES;
				INFOPLIST_KEY_UIApplicationSceneManifest_Generation = YES;
				INFOPLIST_KEY_UIApplicationSupportsIndirectInputEvents = YES;
				INFOPLIST_KEY_UILaunchScreen_Generation = YES;
				INFOPLIST_KEY_UISupportedInterfaceOrientations_iPad = "UIInterfaceOrientationPortrait UIInterfaceOrientationPortraitUpsideDown UIInterfaceOrientationLandscapeLeft UIInterfaceOrientationLandscapeRight";
				INFOPLIST_KEY_UISupportedInterfaceOrientations_iPhone = "UIInterfaceOrientationPortrait UIInterfaceOrientationLandscapeLeft UIInterfaceOrientationLandscapeRight";
				IPHONEOS_DEPLOYMENT_TARGET = 15.0;
				LD_RUNPATH_SEARCH_PATHS = (
					"$(inherited)",
					"@executable_path/Frameworks",
				);
				MARKETING_VERSION = 1.0;
				PRODUCT_BUNDLE_IDENTIFIER = "vova-tesla.VKTest";
				PRODUCT_NAME = "$(TARGET_NAME)";
				SWIFT_EMIT_LOC_STRINGS = YES;
				SWIFT_VERSION = 5.0;
				TARGETED_DEVICE_FAMILY = "1,2";
			};
			name = Release;
		};
		C410C8E12D01F1F50091CD74 /* Debug */ = {
			isa = XCBuildConfiguration;
			buildSettings = {
				BUNDLE_LOADER = "$(TEST_HOST)";
				CODE_SIGN_STYLE = Automatic;
				CURRENT_PROJECT_VERSION = 1;
				DEVELOPMENT_TEAM = MF5GZ7CN3R;
				GENERATE_INFOPLIST_FILE = YES;
				IPHONEOS_DEPLOYMENT_TARGET = 18.1;
				MARKETING_VERSION = 1.0;
				PRODUCT_BUNDLE_IDENTIFIER = "vova-tesla.VKTestTests";
				PRODUCT_NAME = "$(TARGET_NAME)";
				SWIFT_EMIT_LOC_STRINGS = NO;
				SWIFT_VERSION = 5.0;
				TARGETED_DEVICE_FAMILY = "1,2";
				TEST_HOST = "$(BUILT_PRODUCTS_DIR)/VKTest.app/$(BUNDLE_EXECUTABLE_FOLDER_PATH)/VKTest";
			};
			name = Debug;
		};
		C410C8E22D01F1F50091CD74 /* Release */ = {
			isa = XCBuildConfiguration;
			buildSettings = {
				BUNDLE_LOADER = "$(TEST_HOST)";
				CODE_SIGN_STYLE = Automatic;
				CURRENT_PROJECT_VERSION = 1;
				DEVELOPMENT_TEAM = MF5GZ7CN3R;
				GENERATE_INFOPLIST_FILE = YES;
				IPHONEOS_DEPLOYMENT_TARGET = 18.1;
				MARKETING_VERSION = 1.0;
				PRODUCT_BUNDLE_IDENTIFIER = "vova-tesla.VKTestTests";
				PRODUCT_NAME = "$(TARGET_NAME)";
				SWIFT_EMIT_LOC_STRINGS = NO;
				SWIFT_VERSION = 5.0;
				TARGETED_DEVICE_FAMILY = "1,2";
				TEST_HOST = "$(BUILT_PRODUCTS_DIR)/VKTest.app/$(BUNDLE_EXECUTABLE_FOLDER_PATH)/VKTest";
			};
			name = Release;
		};
		C410C8E42D01F1F50091CD74 /* Debug */ = {
			isa = XCBuildConfiguration;
			buildSettings = {
				CODE_SIGN_STYLE = Automatic;
				CURRENT_PROJECT_VERSION = 1;
				DEVELOPMENT_TEAM = MF5GZ7CN3R;
				GENERATE_INFOPLIST_FILE = YES;
				MARKETING_VERSION = 1.0;
				PRODUCT_BUNDLE_IDENTIFIER = "vova-tesla.VKTestUITests";
				PRODUCT_NAME = "$(TARGET_NAME)";
				SWIFT_EMIT_LOC_STRINGS = NO;
				SWIFT_VERSION = 5.0;
				TARGETED_DEVICE_FAMILY = "1,2";
				TEST_TARGET_NAME = VKTest;
			};
			name = Debug;
		};
		C410C8E52D01F1F50091CD74 /* Release */ = {
			isa = XCBuildConfiguration;
			buildSettings = {
				CODE_SIGN_STYLE = Automatic;
				CURRENT_PROJECT_VERSION = 1;
				DEVELOPMENT_TEAM = MF5GZ7CN3R;
				GENERATE_INFOPLIST_FILE = YES;
				MARKETING_VERSION = 1.0;
				PRODUCT_BUNDLE_IDENTIFIER = "vova-tesla.VKTestUITests";
				PRODUCT_NAME = "$(TARGET_NAME)";
				SWIFT_EMIT_LOC_STRINGS = NO;
				SWIFT_VERSION = 5.0;
				TARGETED_DEVICE_FAMILY = "1,2";
				TEST_TARGET_NAME = VKTest;
			};
			name = Release;
		};
/* End XCBuildConfiguration section */

/* Begin XCConfigurationList section */
		C410C8B42D01F1F30091CD74 /* Build configuration list for PBXProject "VKTest" */ = {
			isa = XCConfigurationList;
			buildConfigurations = (
				C410C8DB2D01F1F50091CD74 /* Debug */,
				C410C8DC2D01F1F50091CD74 /* Release */,
			);
			defaultConfigurationIsVisible = 0;
			defaultConfigurationName = Release;
		};
		C410C8DD2D01F1F50091CD74 /* Build configuration list for PBXNativeTarget "VKTest" */ = {
			isa = XCConfigurationList;
			buildConfigurations = (
				C410C8DE2D01F1F50091CD74 /* Debug */,
				C410C8DF2D01F1F50091CD74 /* Release */,
			);
			defaultConfigurationIsVisible = 0;
			defaultConfigurationName = Release;
		};
		C410C8E02D01F1F50091CD74 /* Build configuration list for PBXNativeTarget "VKTestTests" */ = {
			isa = XCConfigurationList;
			buildConfigurations = (
				C410C8E12D01F1F50091CD74 /* Debug */,
				C410C8E22D01F1F50091CD74 /* Release */,
			);
			defaultConfigurationIsVisible = 0;
			defaultConfigurationName = Release;
		};
		C410C8E32D01F1F50091CD74 /* Build configuration list for PBXNativeTarget "VKTestUITests" */ = {
			isa = XCConfigurationList;
			buildConfigurations = (
				C410C8E42D01F1F50091CD74 /* Debug */,
				C410C8E52D01F1F50091CD74 /* Release */,
			);
			defaultConfigurationIsVisible = 0;
			defaultConfigurationName = Release;
		};
/* End XCConfigurationList section */

/* Begin XCRemoteSwiftPackageReference section */
		C410C8EE2D01F3BC0091CD74 /* XCRemoteSwiftPackageReference "realm-swift" */ = {
			isa = XCRemoteSwiftPackageReference;
			repositoryURL = "https://github.com/realm/realm-swift.git";
			requirement = {
				branch = master;
				kind = branch;
			};
		};
/* End XCRemoteSwiftPackageReference section */

/* Begin XCSwiftPackageProductDependency section */
		C410C8F02D01F61D0091CD74 /* RealmSwift */ = {
			isa = XCSwiftPackageProductDependency;
			package = C410C8EE2D01F3BC0091CD74 /* XCRemoteSwiftPackageReference "realm-swift" */;
			productName = RealmSwift;
		};
/* End XCSwiftPackageProductDependency section */
	};
	rootObject = C410C8B12D01F1F30091CD74 /* Project object */;
}
